
Microsoft Visual Studio Solution File, Format Version 12.00
# Visual Studio Version 16
VisualStudioVersion = 16.0.31729.503
MinimumVisualStudioVersion = 10.0.40219.1
Project("{FAE04EC0-301F-11D3-BF4B-00C04F79EFBC}") = "Cozma_Miruna_Lab5", "Cozma_Miruna_Lab5.csproj", "{7AEB1110-6A0B-4490-98A7-C075983EF71F}"
EndProject
Project("{FAE04EC0-301F-11D3-BF4B-00C04F79EFBC}") = "AutoGeistModel", "AutoGeistModel\AutoGeistModel.csproj", "{1C8C7A16-78AB-445B-9E32-4FFC0B824A19}"
EndProject
Global
	GlobalSection(SolutionConfigurationPlatforms) = preSolution
		Debug|Any CPU = Debug|Any CPU
		Release|Any CPU = Release|Any CPU
	EndGlobalSection
	GlobalSection(ProjectConfigurationPlatforms) = postSolution
		{7AEB1110-6A0B-4490-98A7-C075983EF71F}.Debug|Any CPU.ActiveCfg = Debug|Any CPU
		{7AEB1110-6A0B-4490-98A7-C075983EF71F}.Debug|Any CPU.Build.0 = Debug|Any CPU
		{7AEB1110-6A0B-4490-98A7-C075983EF71F}.Release|Any CPU.ActiveCfg = Release|Any CPU
		{7AEB1110-6A0B-4490-98A7-C075983EF71F}.Release|Any CPU.Build.0 = Release|Any CPU
		{1C8C7A16-78AB-445B-9E32-4FFC0B824A19}.Debug|Any CPU.ActiveCfg = Debug|Any CPU
		{1C8C7A16-78AB-445B-9E32-4FFC0B824A19}.Debug|Any CPU.Build.0 = Debug|Any CPU
		{1C8C7A16-78AB-445B-9E32-4FFC0B824A19}.Release|Any CPU.ActiveCfg = Release|Any CPU
		{1C8C7A16-78AB-445B-9E32-4FFC0B824A19}.Release|Any CPU.Build.0 = Release|Any CPU
	EndGlobalSection
	GlobalSection(SolutionProperties) = preSolution
		HideSolutionNode = FALSE
	EndGlobalSection
	GlobalSection(ExtensibilityGlobals) = postSolution
		SolutionGuid = {A12DF0F1-8800-495E-B936-0829A59D98F7}
	EndGlobalSection
EndGlobal
